PODS:
  - KMPNativeCoroutinesAsync (0.1.0):
    - KMPNativeCoroutinesCore
  - KMPNativeCoroutinesCombine (0.2.0):
    - KMPNativeCoroutinesCore
  - KMPNativeCoroutinesCore (0.2.0)
  - shared (0.2.0)

DEPENDENCIES:
  - KMPNativeCoroutinesAsync (from `../`)
  - KMPNativeCoroutinesCombine (from `../`)
  - KMPNativeCoroutinesCore (from `../`)
  - shared (from `./shared`)

EXTERNAL SOURCES:
  KMPNativeCoroutinesAsync:
    :path: "../"
  KMPNativeCoroutinesCombine:
    :path: "../"
  KMPNativeCoroutinesCore:
    :path: "../"
  shared:
    :path: "./shared"

SPEC CHECKSUMS:
  KMPNativeCoroutinesAsync: 7959f73fe7a2f021be94a5de9b5b0bfe7538ff9b
  KMPNativeCoroutinesCombine: 85a52598bfd40d44d070a2332041361d3de9e879
  KMPNativeCoroutinesCore: 1c7e0b947f0246c983a7745eba3033e9a577ba9f
  shared: 006890794a7b59087863f41e17c3538d19bac0dd

PODFILE CHECKSUM: 58d796d34c3b51037952b468fc402d63a136b831

COCOAPODS: 1.10.1
